
Microsoft Visual Studio Solution File, Format Version 12.00
# Visual Studio Version 17
VisualStudioVersion = 17.11.35222.181
MinimumVisualStudioVersion = 10.0.40219.1
Project("{FAE04EC0-301F-11D3-BF4B-00C04F79EFBC}") = "PointsRounder", "PointsRounder.csproj", "{F3FDC56E-3F63-44D0-8635-245FF513DFDF}"
EndProject
Global
	GlobalSection(SolutionConfigurationPlatforms) = preSolution
		Debug|Any CPU = Debug|Any CPU
		Release|Any CPU = Release|Any CPU
	EndGlobalSection
	GlobalSection(ProjectConfigurationPlatforms) = postSolution
		{F3FDC56E-3F63-44D0-8635-245FF513DFDF}.Debug|Any CPU.ActiveCfg = Debug|Any CPU
		{F3FDC56E-3F63-44D0-8635-245FF513DFDF}.Debug|Any CPU.Build.0 = Debug|Any CPU
		{F3FDC56E-3F63-44D0-8635-245FF513DFDF}.Release|Any CPU.ActiveCfg = Release|Any CPU
		{F3FDC56E-3F63-44D0-8635-245FF513DFDF}.Release|Any CPU.Build.0 = Release|Any CPU
	EndGlobalSection
	GlobalSection(SolutionProperties) = preSolution
		HideSolutionNode = FALSE
	EndGlobalSection
	GlobalSection(ExtensibilityGlobals) = postSolution
		SolutionGuid = {009A423B-4863-469A-85E9-F76F2C4C2FFA}
	EndGlobalSection
EndGlobal
